{
  "version": 4,
  "terraform_version": "1.6.2",
  "serial": 16,
  "lineage": "085043d4-d63c-9b63-f9cc-6afd2652834a",
  "outputs": {},
  "resources": [
    {
      "mode": "managed",
      "type": "local_file",
      "name": "exemplo",
      "provider": "provider[\"registry.terraform.io/hashicorp/local\"]",
      "instances": [
        {
          "schema_version": 0,
          "attributes": {
            "content": "testando a var",
            "content_base64": null,
            "content_base64sha256": "/U2u0t7wUJEq/4ez7WPoS03iBFBr3XRPxHG0eD+1hiA=",
            "content_base64sha512": "0xlhUO2Kqf9sCPOuu5xgpHE+gxi7y+Ye3NjId0ggJXErvvghgLCQSSMcGFGmUC5+Q8HpilsKELmvTSuIDm3Wmg==",
            "content_md5": "dbb0935ac5cac224465d0e170916cf1d",
            "content_sha1": "98ddd0dde83702211e307b044441aaddb6cecb45",
            "content_sha256": "fd4daed2def050912aff87b3ed63e84b4de204506bdd744fc471b4783fb58620",
            "content_sha512": "d3196150ed8aa9ff6c08f3aebb9c60a4713e8318bbcbe61edcd8c877482025712bbef82180b09049231c1851a6502e7e43c1e98a5b0a10b9af4d2b880e6dd69a",
            "directory_permission": "0777",
            "file_permission": "0777",
            "filename": "exemplo.txt",
            "id": "98ddd0dde83702211e307b044441aaddb6cecb45",
            "sensitive_content": null,
            "source": null
          },
          "sensitive_attributes": []
        }
      ]
    }
  ],
  "check_results": null
}
