{
  "version": 4,
  "terraform_version": "1.6.2",
  "serial": 13,
  "lineage": "085043d4-d63c-9b63-f9cc-6afd2652834a",
  "outputs": {},
  "resources": [
    {
      "mode": "managed",
      "type": "local_file",
      "name": "exemplo",
      "provider": "provider[\"registry.terraform.io/hashicorp/local\"]",
      "instances": [
        {
          "schema_version": 0,
          "attributes": {
            "content": "var.conteudo",
            "content_base64": null,
            "content_base64sha256": "R+iprmD6N0O+Mig4FQr6Tx3lpd5aVfkue3aq5KOiz+Q=",
            "content_base64sha512": "txGWjLlYU2BohNXketDufA02zR+QZzAnvGhhbps1KGJkRdg1+Yl1kOMdeo1wSRIcANREdF610y1Q6sXeGqcH/g==",
            "content_md5": "7fa35d0a7c00258a6b7d503013323e69",
            "content_sha1": "77f444456469f8f5d756f0cc59eb85d6a4717fc1",
            "content_sha256": "47e8a9ae60fa3743be322838150afa4f1de5a5de5a55f92e7b76aae4a3a2cfe4",
            "content_sha512": "b711968cb95853606884d5e47ad0ee7c0d36cd1f90673027bc68616e9b3528626445d835f9897590e31d7a8d7049121c00d444745eb5d32d50eac5de1aa707fe",
            "directory_permission": "0777",
            "file_permission": "0777",
            "filename": "exemplo.txt",
            "id": "77f444456469f8f5d756f0cc59eb85d6a4717fc1",
            "sensitive_content": null,
            "source": null
          },
          "sensitive_attributes": []
        }
      ]
    }
  ],
  "check_results": null
}
